
Microsoft Visual Studio Solution File, Format Version 12.00
# Visual Studio 15
VisualStudioVersion = 15.0.28010.2036
MinimumVisualStudioVersion = 10.0.40219.1
Project("{FAE04EC0-301F-11D3-BF4B-00C04F79EFBC}") = "Tutorial 001 - Trees, Generics", "Tutorial 001\Tutorial 001 - Trees, Generics.csproj", "{AD9463D8-273C-4A71-9DAE-8F1341FEEF38}"
EndProject
Global
	GlobalSection(SolutionConfigurationPlatforms) = preSolution
		Debug|Any CPU = Debug|Any CPU
		Release|Any CPU = Release|Any CPU
	EndGlobalSection
	GlobalSection(ProjectConfigurationPlatforms) = postSolution
		{AD9463D8-273C-4A71-9DAE-8F1341FEEF38}.Debug|Any CPU.ActiveCfg = Debug|Any CPU
		{AD9463D8-273C-4A71-9DAE-8F1341FEEF38}.Debug|Any CPU.Build.0 = Debug|Any CPU
		{AD9463D8-273C-4A71-9DAE-8F1341FEEF38}.Release|Any CPU.ActiveCfg = Release|Any CPU
		{AD9463D8-273C-4A71-9DAE-8F1341FEEF38}.Release|Any CPU.Build.0 = Release|Any CPU
	EndGlobalSection
	GlobalSection(SolutionProperties) = preSolution
		HideSolutionNode = FALSE
	EndGlobalSection
	GlobalSection(ExtensibilityGlobals) = postSolution
		SolutionGuid = {E7350A4B-A504-42C3-8CCD-E8B1EF0C6FFC}
	EndGlobalSection
EndGlobal
